// !$*UTF8*$!
{
	archiveVersion = 1;
	classes = {
	};
	objectVersion = 46;
	objects = {

/* Begin PBXBuildFile section */
		DF42BDBC1F10B76700F434F2 /* AppDelegate.swift in Sources */ = {isa = PBXBuildFile; fileRef = DF42BDBB1F10B76700F434F2 /* AppDelegate.swift */; };
		DF42BDC31F10B76700F434F2 /* Assets.xcassets in Resources */ = {isa = PBXBuildFile; fileRef = DF42BDC21F10B76700F434F2 /* Assets.xcassets */; };
		DF42BDC61F10B76700F434F2 /* LaunchScreen.storyboard in Resources */ = {isa = PBXBuildFile; fileRef = DF42BDC41F10B76700F434F2 /* LaunchScreen.storyboard */; };
		DF42BDDC1F10C7FC00F434F2 /* HouseTest.swift in Sources */ = {isa = PBXBuildFile; fileRef = DF42BDDB1F10C7FC00F434F2 /* HouseTest.swift */; };
		DF42BDDE1F10CB7E00F434F2 /* House.swift in Sources */ = {isa = PBXBuildFile; fileRef = DF42BDDD1F10CB7E00F434F2 /* House.swift */; };
		DF4AC4581F160C9A00534D18 /* HouseViewController.swift in Sources */ = {isa = PBXBuildFile; fileRef = DF4AC4561F160C9A00534D18 /* HouseViewController.swift */; };
		DF4AC4591F160C9A00534D18 /* HouseViewController.xib in Resources */ = {isa = PBXBuildFile; fileRef = DF4AC4571F160C9A00534D18 /* HouseViewController.xib */; };
		DF4AC45E1F163D4600534D18 /* UIKitExtensions.swift in Sources */ = {isa = PBXBuildFile; fileRef = DF4AC45D1F163D4600534D18 /* UIKitExtensions.swift */; };
		DFEB174D1F10DDF70013D490 /* codeIsComing.png in Resources */ = {isa = PBXBuildFile; fileRef = DFEB174B1F10DDF70013D490 /* codeIsComing.png */; };
		DFEB174E1F10DDF70013D490 /* lannister.jpg in Resources */ = {isa = PBXBuildFile; fileRef = DFEB174C1F10DDF70013D490 /* lannister.jpg */; };
		DFEB17511F10E4FD0013D490 /* PersonTest.swift in Sources */ = {isa = PBXBuildFile; fileRef = DFEB17501F10E4FD0013D490 /* PersonTest.swift */; };
		DFEB17551F10E9FF0013D490 /* Person.swift in Sources */ = {isa = PBXBuildFile; fileRef = DFEB17541F10E9FF0013D490 /* Person.swift */; };
/* End PBXBuildFile section */

/* Begin PBXContainerItemProxy section */
		DF42BDCD1F10B76700F434F2 /* PBXContainerItemProxy */ = {
			isa = PBXContainerItemProxy;
			containerPortal = DF42BDB01F10B76700F434F2 /* Project object */;
			proxyType = 1;
			remoteGlobalIDString = DF42BDB71F10B76700F434F2;
			remoteInfo = Westeros;
		};
/* End PBXContainerItemProxy section */

/* Begin PBXFileReference section */
		DF42BDB81F10B76700F434F2 /* Westeros.app */ = {isa = PBXFileReference; explicitFileType = wrapper.application; includeInIndex = 0; path = Westeros.app; sourceTree = BUILT_PRODUCTS_DIR; };
		DF42BDBB1F10B76700F434F2 /* AppDelegate.swift */ = {isa = PBXFileReference; lastKnownFileType = sourcecode.swift; path = AppDelegate.swift; sourceTree = "<group>"; };
		DF42BDC21F10B76700F434F2 /* Assets.xcassets */ = {isa = PBXFileReference; lastKnownFileType = folder.assetcatalog; path = Assets.xcassets; sourceTree = "<group>"; };
		DF42BDC51F10B76700F434F2 /* Base */ = {isa = PBXFileReference; lastKnownFileType = file.storyboard; name = Base; path = Base.lproj/LaunchScreen.storyboard; sourceTree = "<group>"; };
		DF42BDC71F10B76700F434F2 /* Info.plist */ = {isa = PBXFileReference; lastKnownFileType = text.plist.xml; path = Info.plist; sourceTree = "<group>"; };
		DF42BDCC1F10B76700F434F2 /* WesterosTests.xctest */ = {isa = PBXFileReference; explicitFileType = wrapper.cfbundle; includeInIndex = 0; path = WesterosTests.xctest; sourceTree = BUILT_PRODUCTS_DIR; };
		DF42BDD21F10B76700F434F2 /* Info.plist */ = {isa = PBXFileReference; lastKnownFileType = text.plist.xml; path = Info.plist; sourceTree = "<group>"; };
		DF42BDDB1F10C7FC00F434F2 /* HouseTest.swift */ = {isa = PBXFileReference; fileEncoding = 4; lastKnownFileType = sourcecode.swift; path = HouseTest.swift; sourceTree = "<group>"; };
		DF42BDDD1F10CB7E00F434F2 /* House.swift */ = {isa = PBXFileReference; fileEncoding = 4; lastKnownFileType = sourcecode.swift; path = House.swift; sourceTree = "<group>"; };
		DF4AC4561F160C9A00534D18 /* HouseViewController.swift */ = {isa = PBXFileReference; fileEncoding = 4; lastKnownFileType = sourcecode.swift; path = HouseViewController.swift; sourceTree = "<group>"; };
		DF4AC4571F160C9A00534D18 /* HouseViewController.xib */ = {isa = PBXFileReference; fileEncoding = 4; lastKnownFileType = file.xib; path = HouseViewController.xib; sourceTree = "<group>"; };
		DF4AC45D1F163D4600534D18 /* UIKitExtensions.swift */ = {isa = PBXFileReference; fileEncoding = 4; lastKnownFileType = sourcecode.swift; path = UIKitExtensions.swift; sourceTree = "<group>"; };
		DFEB174B1F10DDF70013D490 /* codeIsComing.png */ = {isa = PBXFileReference; lastKnownFileType = image.png; path = codeIsComing.png; sourceTree = "<group>"; };
		DFEB174C1F10DDF70013D490 /* lannister.jpg */ = {isa = PBXFileReference; lastKnownFileType = image.jpeg; path = lannister.jpg; sourceTree = "<group>"; };
		DFEB17501F10E4FD0013D490 /* PersonTest.swift */ = {isa = PBXFileReference; fileEncoding = 4; lastKnownFileType = sourcecode.swift; path = PersonTest.swift; sourceTree = "<group>"; };
		DFEB17541F10E9FF0013D490 /* Person.swift */ = {isa = PBXFileReference; fileEncoding = 4; lastKnownFileType = sourcecode.swift; path = Person.swift; sourceTree = "<group>"; };
/* End PBXFileReference section */

/* Begin PBXFrameworksBuildPhase section */
		DF42BDB51F10B76700F434F2 /* Frameworks */ = {
			isa = PBXFrameworksBuildPhase;
			buildActionMask = 2147483647;
			files = (
			);
			runOnlyForDeploymentPostprocessing = 0;
		};
		DF42BDC91F10B76700F434F2 /* Frameworks */ = {
			isa = PBXFrameworksBuildPhase;
			buildActionMask = 2147483647;
			files = (
			);
			runOnlyForDeploymentPostprocessing = 0;
		};
/* End PBXFrameworksBuildPhase section */

/* Begin PBXGroup section */
		DF42BDAF1F10B76700F434F2 = {
			isa = PBXGroup;
			children = (
				DF42BDBA1F10B76700F434F2 /* Westeros */,
				DF42BDCF1F10B76700F434F2 /* WesterosTests */,
				DF42BDB91F10B76700F434F2 /* Products */,
			);
			sourceTree = "<group>";
		};
		DF42BDB91F10B76700F434F2 /* Products */ = {
			isa = PBXGroup;
			children = (
				DF42BDB81F10B76700F434F2 /* Westeros.app */,
				DF42BDCC1F10B76700F434F2 /* WesterosTests.xctest */,
			);
			name = Products;
			sourceTree = "<group>";
		};
		DF42BDBA1F10B76700F434F2 /* Westeros */ = {
			isa = PBXGroup;
			children = (
				DF4AC45F1F163DBF00534D18 /* Cocoa */,
				DFEB174F1F10DE0B0013D490 /* Resources */,
				DF4AC45A1F160CE400534D18 /* Controllers */,
				DF42BDDF1F10CBF200F434F2 /* Models */,
				DF42BDBB1F10B76700F434F2 /* AppDelegate.swift */,
				DF42BDC21F10B76700F434F2 /* Assets.xcassets */,
				DF42BDC41F10B76700F434F2 /* LaunchScreen.storyboard */,
				DF42BDC71F10B76700F434F2 /* Info.plist */,
			);
			path = Westeros;
			sourceTree = "<group>";
		};
		DF42BDCF1F10B76700F434F2 /* WesterosTests */ = {
			isa = PBXGroup;
			children = (
				DF42BDD21F10B76700F434F2 /* Info.plist */,
				DF42BDDB1F10C7FC00F434F2 /* HouseTest.swift */,
				DFEB17501F10E4FD0013D490 /* PersonTest.swift */,
			);
			path = WesterosTests;
			sourceTree = "<group>";
		};
		DF42BDDF1F10CBF200F434F2 /* Models */ = {
			isa = PBXGroup;
			children = (
				DF42BDDD1F10CB7E00F434F2 /* House.swift */,
				DFEB17541F10E9FF0013D490 /* Person.swift */,
			);
			name = Models;
			sourceTree = "<group>";
		};
		DF4AC45A1F160CE400534D18 /* Controllers */ = {
			isa = PBXGroup;
			children = (
				DF4AC4561F160C9A00534D18 /* HouseViewController.swift */,
				DF4AC4571F160C9A00534D18 /* HouseViewController.xib */,
			);
			name = Controllers;
			sourceTree = "<group>";
		};
		DF4AC45F1F163DBF00534D18 /* Cocoa */ = {
			isa = PBXGroup;
			children = (
				DF4AC45D1F163D4600534D18 /* UIKitExtensions.swift */,
			);
			name = Cocoa;
			sourceTree = "<group>";
		};
		DFEB174F1F10DE0B0013D490 /* Resources */ = {
			isa = PBXGroup;
			children = (
				DFEB174B1F10DDF70013D490 /* codeIsComing.png */,
				DFEB174C1F10DDF70013D490 /* lannister.jpg */,
			);
			name = Resources;
			sourceTree = "<group>";
		};
/* End PBXGroup section */

/* Begin PBXNativeTarget section */
		DF42BDB71F10B76700F434F2 /* Westeros */ = {
			isa = PBXNativeTarget;
			buildConfigurationList = DF42BDD51F10B76700F434F2 /* Build configuration list for PBXNativeTarget "Westeros" */;
			buildPhases = (
				DF42BDB41F10B76700F434F2 /* Sources */,
				DF42BDB51F10B76700F434F2 /* Frameworks */,
				DF42BDB61F10B76700F434F2 /* Resources */,
			);
			buildRules = (
			);
			dependencies = (
			);
			name = Westeros;
			productName = Westeros;
			productReference = DF42BDB81F10B76700F434F2 /* Westeros.app */;
			productType = "com.apple.product-type.application";
		};
		DF42BDCB1F10B76700F434F2 /* WesterosTests */ = {
			isa = PBXNativeTarget;
			buildConfigurationList = DF42BDD81F10B76700F434F2 /* Build configuration list for PBXNativeTarget "WesterosTests" */;
			buildPhases = (
				DF42BDC81F10B76700F434F2 /* Sources */,
				DF42BDC91F10B76700F434F2 /* Frameworks */,
				DF42BDCA1F10B76700F434F2 /* Resources */,
			);
			buildRules = (
			);
			dependencies = (
				DF42BDCE1F10B76700F434F2 /* PBXTargetDependency */,
			);
			name = WesterosTests;
			productName = WesterosTests;
			productReference = DF42BDCC1F10B76700F434F2 /* WesterosTests.xctest */;
			productType = "com.apple.product-type.bundle.unit-test";
		};
/* End PBXNativeTarget section */

/* Begin PBXProject section */
		DF42BDB01F10B76700F434F2 /* Project object */ = {
			isa = PBXProject;
			attributes = {
				LastSwiftUpdateCheck = 0830;
				LastUpgradeCheck = 0830;
				ORGANIZATIONNAME = keepcoding;
				TargetAttributes = {
					DF42BDB71F10B76700F434F2 = {
						CreatedOnToolsVersion = 8.3.3;
						ProvisioningStyle = Automatic;
					};
					DF42BDCB1F10B76700F434F2 = {
						CreatedOnToolsVersion = 8.3.3;
						LastSwiftMigration = 0830;
						ProvisioningStyle = Automatic;
						TestTargetID = DF42BDB71F10B76700F434F2;
					};
				};
			};
			buildConfigurationList = DF42BDB31F10B76700F434F2 /* Build configuration list for PBXProject "Westeros" */;
			compatibilityVersion = "Xcode 3.2";
			developmentRegion = English;
			hasScannedForEncodings = 0;
			knownRegions = (
				en,
				Base,
			);
			mainGroup = DF42BDAF1F10B76700F434F2;
			productRefGroup = DF42BDB91F10B76700F434F2 /* Products */;
			projectDirPath = "";
			projectRoot = "";
			targets = (
				DF42BDB71F10B76700F434F2 /* Westeros */,
				DF42BDCB1F10B76700F434F2 /* WesterosTests */,
			);
		};
/* End PBXProject section */

/* Begin PBXResourcesBuildPhase section */
		DF42BDB61F10B76700F434F2 /* Resources */ = {
			isa = PBXResourcesBuildPhase;
			buildActionMask = 2147483647;
			files = (
				DFEB174E1F10DDF70013D490 /* lannister.jpg in Resources */,
				DFEB174D1F10DDF70013D490 /* codeIsComing.png in Resources */,
				DF4AC4591F160C9A00534D18 /* HouseViewController.xib in Resources */,
				DF42BDC61F10B76700F434F2 /* LaunchScreen.storyboard in Resources */,
				DF42BDC31F10B76700F434F2 /* Assets.xcassets in Resources */,
			);
			runOnlyForDeploymentPostprocessing = 0;
		};
		DF42BDCA1F10B76700F434F2 /* Resources */ = {
			isa = PBXResourcesBuildPhase;
			buildActionMask = 2147483647;
			files = (
			);
			runOnlyForDeploymentPostprocessing = 0;
		};
/* End PBXResourcesBuildPhase section */

/* Begin PBXSourcesBuildPhase section */
		DF42BDB41F10B76700F434F2 /* Sources */ = {
			isa = PBXSourcesBuildPhase;
			buildActionMask = 2147483647;
			files = (
				DFEB17551F10E9FF0013D490 /* Person.swift in Sources */,
				DF42BDDE1F10CB7E00F434F2 /* House.swift in Sources */,
				DF42BDBC1F10B76700F434F2 /* AppDelegate.swift in Sources */,
				DF4AC4581F160C9A00534D18 /* HouseViewController.swift in Sources */,
				DF4AC45E1F163D4600534D18 /* UIKitExtensions.swift in Sources */,
			);
			runOnlyForDeploymentPostprocessing = 0;
		};
		DF42BDC81F10B76700F434F2 /* Sources */ = {
			isa = PBXSourcesBuildPhase;
			buildActionMask = 2147483647;
			files = (
				DF42BDDC1F10C7FC00F434F2 /* HouseTest.swift in Sources */,
				DFEB17511F10E4FD0013D490 /* PersonTest.swift in Sources */,
			);
			runOnlyForDeploymentPostprocessing = 0;
		};
/* End PBXSourcesBuildPhase section */

/* Begin PBXTargetDependency section */
		DF42BDCE1F10B76700F434F2 /* PBXTargetDependency */ = {
			isa = PBXTargetDependency;
			target = DF42BDB71F10B76700F434F2 /* Westeros */;
			targetProxy = DF42BDCD1F10B76700F434F2 /* PBXContainerItemProxy */;
		};
/* End PBXTargetDependency section */

/* Begin PBXVariantGroup section */
		DF42BDC41F10B76700F434F2 /* LaunchScreen.storyboard */ = {
			isa = PBXVariantGroup;
			children = (
				DF42BDC51F10B76700F434F2 /* Base */,
			);
			name = LaunchScreen.storyboard;
			sourceTree = "<group>";
		};
/* End PBXVariantGroup section */

/* Begin XCBuildConfiguration section */
		DF42BDD31F10B76700F434F2 /* Debug */ = {
			isa = XCBuildConfiguration;
			buildSettings = {
				ALWAYS_SEARCH_USER_PATHS = NO;
				CLANG_ANALYZER_NONNULL = YES;
				CLANG_ANALYZER_NUMBER_OBJECT_CONVERSION = YES_AGGRESSIVE;
				CLANG_CXX_LANGUAGE_STANDARD = "gnu++0x";
				CLANG_CXX_LIBRARY = "libc++";
				CLANG_ENABLE_MODULES = YES;
				CLANG_ENABLE_OBJC_ARC = YES;
				CLANG_WARN_BOOL_CONVERSION = YES;
				CLANG_WARN_CONSTANT_CONVERSION = YES;
				CLANG_WARN_DIRECT_OBJC_ISA_USAGE = YES_ERROR;
				CLANG_WARN_DOCUMENTATION_COMMENTS = YES;
				CLANG_WARN_EMPTY_BODY = YES;
				CLANG_WARN_ENUM_CONVERSION = YES;
				CLANG_WARN_INFINITE_RECURSION = YES;
				CLANG_WARN_INT_CONVERSION = YES;
				CLANG_WARN_OBJC_ROOT_CLASS = YES_ERROR;
				CLANG_WARN_SUSPICIOUS_MOVE = YES;
				CLANG_WARN_UNREACHABLE_CODE = YES;
				CLANG_WARN__DUPLICATE_METHOD_MATCH = YES;
				"CODE_SIGN_IDENTITY[sdk=iphoneos*]" = "iPhone Developer";
				COPY_PHASE_STRIP = NO;
				DEBUG_INFORMATION_FORMAT = dwarf;
				ENABLE_STRICT_OBJC_MSGSEND = YES;
				ENABLE_TESTABILITY = YES;
				GCC_C_LANGUAGE_STANDARD = gnu99;
				GCC_DYNAMIC_NO_PIC = NO;
				GCC_NO_COMMON_BLOCKS = YES;
				GCC_OPTIMIZATION_LEVEL = 0;
				GCC_PREPROCESSOR_DEFINITIONS = (
					"DEBUG=1",
					"$(inherited)",
				);
				GCC_WARN_64_TO_32_BIT_CONVERSION = YES;
				GCC_WARN_ABOUT_RETURN_TYPE = YES_ERROR;
				GCC_WARN_UNDECLARED_SELECTOR = YES;
				GCC_WARN_UNINITIALIZED_AUTOS = YES_AGGRESSIVE;
				GCC_WARN_UNUSED_FUNCTION = YES;
				GCC_WARN_UNUSED_VARIABLE = YES;
				IPHONEOS_DEPLOYMENT_TARGET = 10.3;
				MTL_ENABLE_DEBUG_INFO = YES;
				ONLY_ACTIVE_ARCH = YES;
				SDKROOT = iphoneos;
				SWIFT_ACTIVE_COMPILATION_CONDITIONS = DEBUG;
				SWIFT_OPTIMIZATION_LEVEL = "-Onone";
				TARGETED_DEVICE_FAMILY = "1,2";
			};
			name = Debug;
		};
		DF42BDD41F10B76700F434F2 /* Release */ = {
			isa = XCBuildConfiguration;
			buildSettings = {
				ALWAYS_SEARCH_USER_PATHS = NO;
				CLANG_ANALYZER_NONNULL = YES;
				CLANG_ANALYZER_NUMBER_OBJECT_CONVERSION = YES_AGGRESSIVE;
				CLANG_CXX_LANGUAGE_STANDARD = "gnu++0x";
				CLANG_CXX_LIBRARY = "libc++";
				CLANG_ENABLE_MODULES = YES;
				CLANG_ENABLE_OBJC_ARC = YES;
				CLANG_WARN_BOOL_CONVERSION = YES;
				CLANG_WARN_CONSTANT_CONVERSION = YES;
				CLANG_WARN_DIRECT_OBJC_ISA_USAGE = YES_ERROR;
				CLANG_WARN_DOCUMENTATION_COMMENTS = YES;
				CLANG_WARN_EMPTY_BODY = YES;
				CLANG_WARN_ENUM_CONVERSION = YES;
				CLANG_WARN_INFINITE_RECURSION = YES;
				CLANG_WARN_INT_CONVERSION = YES;
				CLANG_WARN_OBJC_ROOT_CLASS = YES_ERROR;
				CLANG_WARN_SUSPICIOUS_MOVE = YES;
				CLANG_WARN_UNREACHABLE_CODE = YES;
				CLANG_WARN__DUPLICATE_METHOD_MATCH = YES;
				"CODE_SIGN_IDENTITY[sdk=iphoneos*]" = "iPhone Developer";
				COPY_PHASE_STRIP = NO;
				DEBUG_INFORMATION_FORMAT = "dwarf-with-dsym";
				ENABLE_NS_ASSERTIONS = NO;
				ENABLE_STRICT_OBJC_MSGSEND = YES;
				GCC_C_LANGUAGE_STANDARD = gnu99;
				GCC_NO_COMMON_BLOCKS = YES;
				GCC_WARN_64_TO_32_BIT_CONVERSION = YES;
				GCC_WARN_ABOUT_RETURN_TYPE = YES_ERROR;
				GCC_WARN_UNDECLARED_SELECTOR = YES;
				GCC_WARN_UNINITIALIZED_AUTOS = YES_AGGRESSIVE;
				GCC_WARN_UNUSED_FUNCTION = YES;
				GCC_WARN_UNUSED_VARIABLE = YES;
				IPHONEOS_DEPLOYMENT_TARGET = 10.3;
				MTL_ENABLE_DEBUG_INFO = NO;
				SDKROOT = iphoneos;
				SWIFT_OPTIMIZATION_LEVEL = "-Owholemodule";
				TARGETED_DEVICE_FAMILY = "1,2";
				VALIDATE_PRODUCT = YES;
			};
			name = Release;
		};
		DF42BDD61F10B76700F434F2 /* Debug */ = {
			isa = XCBuildConfiguration;
			buildSettings = {
				ASSETCATALOG_COMPILER_APPICON_NAME = AppIcon;
				INFOPLIST_FILE = Westeros/Info.plist;
				LD_RUNPATH_SEARCH_PATHS = "$(inherited) @executable_path/Frameworks";
				PRODUCT_BUNDLE_IDENTIFIER = io.keepcoding.Westeros;
				PRODUCT_NAME = "$(TARGET_NAME)";
				SWIFT_VERSION = 3.0;
			};
			name = Debug;
		};
		DF42BDD71F10B76700F434F2 /* Release */ = {
			isa = XCBuildConfiguration;
			buildSettings = {
				ASSETCATALOG_COMPILER_APPICON_NAME = AppIcon;
				INFOPLIST_FILE = Westeros/Info.plist;
				LD_RUNPATH_SEARCH_PATHS = "$(inherited) @executable_path/Frameworks";
				PRODUCT_BUNDLE_IDENTIFIER = io.keepcoding.Westeros;
				PRODUCT_NAME = "$(TARGET_NAME)";
				SWIFT_VERSION = 3.0;
			};
			name = Release;
		};
		DF42BDD91F10B76700F434F2 /* Debug */ = {
			isa = XCBuildConfiguration;
			buildSettings = {
				ALWAYS_EMBED_SWIFT_STANDARD_LIBRARIES = YES;
				BUNDLE_LOADER = "$(TEST_HOST)";
				CLANG_ENABLE_MODULES = YES;
				INFOPLIST_FILE = WesterosTests/Info.plist;
				LD_RUNPATH_SEARCH_PATHS = "$(inherited) @executable_path/Frameworks @loader_path/Frameworks";
				PRODUCT_BUNDLE_IDENTIFIER = io.keepcoding.WesterosTests;
				PRODUCT_NAME = "$(TARGET_NAME)";
				SWIFT_OPTIMIZATION_LEVEL = "-Onone";
				SWIFT_VERSION = 3.0;
				TEST_HOST = "$(BUILT_PRODUCTS_DIR)/Westeros.app/Westeros";
			};
			name = Debug;
		};
		DF42BDDA1F10B76700F434F2 /* Release */ = {
			isa = XCBuildConfiguration;
			buildSettings = {
				ALWAYS_EMBED_SWIFT_STANDARD_LIBRARIES = YES;
				BUNDLE_LOADER = "$(TEST_HOST)";
				CLANG_ENABLE_MODULES = YES;
				INFOPLIST_FILE = WesterosTests/Info.plist;
				LD_RUNPATH_SEARCH_PATHS = "$(inherited) @executable_path/Frameworks @loader_path/Frameworks";
				PRODUCT_BUNDLE_IDENTIFIER = io.keepcoding.WesterosTests;
				PRODUCT_NAME = "$(TARGET_NAME)";
				SWIFT_VERSION = 3.0;
				TEST_HOST = "$(BUILT_PRODUCTS_DIR)/Westeros.app/Westeros";
			};
			name = Release;
		};
/* End XCBuildConfiguration section */

/* Begin XCConfigurationList section */
		DF42BDB31F10B76700F434F2 /* Build configuration list for PBXProject "Westeros" */ = {
			isa = XCConfigurationList;
			buildConfigurations = (
				DF42BDD31F10B76700F434F2 /* Debug */,
				DF42BDD41F10B76700F434F2 /* Release */,
			);
			defaultConfigurationIsVisible = 0;
			defaultConfigurationName = Release;
		};
		DF42BDD51F10B76700F434F2 /* Build configuration list for PBXNativeTarget "Westeros" */ = {
			isa = XCConfigurationList;
			buildConfigurations = (
				DF42BDD61F10B76700F434F2 /* Debug */,
				DF42BDD71F10B76700F434F2 /* Release */,
			);
			defaultConfigurationIsVisible = 0;
			defaultConfigurationName = Release;
		};
		DF42BDD81F10B76700F434F2 /* Build configuration list for PBXNativeTarget "WesterosTests" */ = {
			isa = XCConfigurationList;
			buildConfigurations = (
				DF42BDD91F10B76700F434F2 /* Debug */,
				DF42BDDA1F10B76700F434F2 /* Release */,
			);
			defaultConfigurationIsVisible = 0;
			defaultConfigurationName = Release;
		};
/* End XCConfigurationList section */
	};
	rootObject = DF42BDB01F10B76700F434F2 /* Project object */;
}
